
Microsoft Visual Studio Solution File, Format Version 12.00
# Visual Studio Version 17
VisualStudioVersion = 17.5.002.0
MinimumVisualStudioVersion = 10.0.40219.1
Project("{9A19103F-16F7-4668-BE54-9A1E7A4F7556}") = "SolarWatch", "SolarWatch\SolarWatch.csproj", "{D0917FFE-9DB9-418B-9BA6-B327081C0603}"
EndProject
Project("{FAE04EC0-301F-11D3-BF4B-00C04F79EFBC}") = "SolarWatch.IntegrationTests", "SolarWatch.IntegrationTests\SolarWatch.IntegrationTests.csproj", "{103E34C6-93A2-4594-9313-04F5A1C500C7}"
EndProject
Global
	GlobalSection(SolutionConfigurationPlatforms) = preSolution
		Debug|Any CPU = Debug|Any CPU
		Release|Any CPU = Release|Any CPU
	EndGlobalSection
	GlobalSection(ProjectConfigurationPlatforms) = postSolution
		{D0917FFE-9DB9-418B-9BA6-B327081C0603}.Debug|Any CPU.ActiveCfg = Debug|Any CPU
		{D0917FFE-9DB9-418B-9BA6-B327081C0603}.Debug|Any CPU.Build.0 = Debug|Any CPU
		{D0917FFE-9DB9-418B-9BA6-B327081C0603}.Release|Any CPU.ActiveCfg = Release|Any CPU
		{D0917FFE-9DB9-418B-9BA6-B327081C0603}.Release|Any CPU.Build.0 = Release|Any CPU
		{103E34C6-93A2-4594-9313-04F5A1C500C7}.Debug|Any CPU.ActiveCfg = Debug|Any CPU
		{103E34C6-93A2-4594-9313-04F5A1C500C7}.Debug|Any CPU.Build.0 = Debug|Any CPU
		{103E34C6-93A2-4594-9313-04F5A1C500C7}.Release|Any CPU.ActiveCfg = Release|Any CPU
		{103E34C6-93A2-4594-9313-04F5A1C500C7}.Release|Any CPU.Build.0 = Release|Any CPU
	EndGlobalSection
	GlobalSection(SolutionProperties) = preSolution
		HideSolutionNode = FALSE
	EndGlobalSection
	GlobalSection(ExtensibilityGlobals) = postSolution
		SolutionGuid = {EDDB4DC7-03B7-427F-9289-03BFED1A3FAE}
	EndGlobalSection
EndGlobal
